
Microsoft Visual Studio Solution File, Format Version 12.00
# Visual Studio 15
VisualStudioVersion = 15.0.27703.2000
MinimumVisualStudioVersion = 10.0.40219.1
Project("{FAE04EC0-301F-11D3-BF4B-00C04F79EFBC}") = "KatGodzinaMinuta", "KatGodzinaMinuta\KatGodzinaMinuta.csproj", "{EA3D3B79-5735-46A1-A8FE-7A1FF18E4614}"
EndProject
Global
	GlobalSection(SolutionConfigurationPlatforms) = preSolution
		Debug|Any CPU = Debug|Any CPU
		Release|Any CPU = Release|Any CPU
	EndGlobalSection
	GlobalSection(ProjectConfigurationPlatforms) = postSolution
		{EA3D3B79-5735-46A1-A8FE-7A1FF18E4614}.Debug|Any CPU.ActiveCfg = Debug|Any CPU
		{EA3D3B79-5735-46A1-A8FE-7A1FF18E4614}.Debug|Any CPU.Build.0 = Debug|Any CPU
		{EA3D3B79-5735-46A1-A8FE-7A1FF18E4614}.Release|Any CPU.ActiveCfg = Release|Any CPU
		{EA3D3B79-5735-46A1-A8FE-7A1FF18E4614}.Release|Any CPU.Build.0 = Release|Any CPU
	EndGlobalSection
	GlobalSection(SolutionProperties) = preSolution
		HideSolutionNode = FALSE
	EndGlobalSection
	GlobalSection(ExtensibilityGlobals) = postSolution
		SolutionGuid = {95F8D772-77C6-480C-ADBC-A06DEDAC89A9}
	EndGlobalSection
EndGlobal
